# This file is automatically @generated by Poetry 1.8.3 and should not be changed by hand.

[[package]]
name = "meginam-ats"
version = "0.1.0"
description = ""
optional = false
python-versions = "<4.0,>=3.12"
files = [
    {file = "meginam_ats-0.1.0-py3-none-any.whl", hash = "sha256:67eca8747a7f935112ce879418c1652737004dcc6e3847509b4a7f4b9cfc88c7"},
    {file = "meginam_ats-0.1.0.tar.gz", hash = "sha256:dd01d5b3ff77c6a342d422f0e18996617944d14343aec42975fcbffb4cfd88b9"},
]

[metadata]
lock-version = "2.0"
python-versions = "^3.12"
content-hash = "e887fbc3ff2e9a6f10f9c461e007a1db6c1c56ceb602eea4a45ed0ca72f8c6c7"
